
Microsoft Visual Studio Solution File, Format Version 12.00
# Visual Studio 15
VisualStudioVersion = 15.0.28307.271
MinimumVisualStudioVersion = 10.0.40219.1
Project("{FAE04EC0-301F-11D3-BF4B-00C04F79EFBC}") = "Check Box Uygulama", "Check Box Uygulama\Check Box Uygulama.csproj", "{C15B12F0-04BC-49D6-98C9-F22029819EE1}"
EndProject
Global
	GlobalSection(SolutionConfigurationPlatforms) = preSolution
		Debug|Any CPU = Debug|Any CPU
		Release|Any CPU = Release|Any CPU
	EndGlobalSection
	GlobalSection(ProjectConfigurationPlatforms) = postSolution
		{C15B12F0-04BC-49D6-98C9-F22029819EE1}.Debug|Any CPU.ActiveCfg = Debug|Any CPU
		{C15B12F0-04BC-49D6-98C9-F22029819EE1}.Debug|Any CPU.Build.0 = Debug|Any CPU
		{C15B12F0-04BC-49D6-98C9-F22029819EE1}.Release|Any CPU.ActiveCfg = Release|Any CPU
		{C15B12F0-04BC-49D6-98C9-F22029819EE1}.Release|Any CPU.Build.0 = Release|Any CPU
	EndGlobalSection
	GlobalSection(SolutionProperties) = preSolution
		HideSolutionNode = FALSE
	EndGlobalSection
	GlobalSection(ExtensibilityGlobals) = postSolution
		SolutionGuid = {57A2C81B-BC91-4D48-8088-B0C4CB71714B}
	EndGlobalSection
EndGlobal
