
Microsoft Visual Studio Solution File, Format Version 12.00
# Visual Studio 15
VisualStudioVersion = 15.0.28307.271
MinimumVisualStudioVersion = 10.0.40219.1
Project("{FAE04EC0-301F-11D3-BF4B-00C04F79EFBC}") = "Timer ile Kronometre Yapımı", "Timer ile Kronometre Yapımı\Timer ile Kronometre Yapımı.csproj", "{B02FEFA0-EBA4-4D0A-89FA-8D2AA10BFD8D}"
EndProject
Global
	GlobalSection(SolutionConfigurationPlatforms) = preSolution
		Debug|Any CPU = Debug|Any CPU
		Release|Any CPU = Release|Any CPU
	EndGlobalSection
	GlobalSection(ProjectConfigurationPlatforms) = postSolution
		{B02FEFA0-EBA4-4D0A-89FA-8D2AA10BFD8D}.Debug|Any CPU.ActiveCfg = Debug|Any CPU
		{B02FEFA0-EBA4-4D0A-89FA-8D2AA10BFD8D}.Debug|Any CPU.Build.0 = Debug|Any CPU
		{B02FEFA0-EBA4-4D0A-89FA-8D2AA10BFD8D}.Release|Any CPU.ActiveCfg = Release|Any CPU
		{B02FEFA0-EBA4-4D0A-89FA-8D2AA10BFD8D}.Release|Any CPU.Build.0 = Release|Any CPU
	EndGlobalSection
	GlobalSection(SolutionProperties) = preSolution
		HideSolutionNode = FALSE
	EndGlobalSection
	GlobalSection(ExtensibilityGlobals) = postSolution
		SolutionGuid = {CE9DB132-CADF-43AC-9050-2CFCE48EE36B}
	EndGlobalSection
EndGlobal
